# This file is generated by running "yarn install" inside your project.
# Manual changes might be lost - proceed with caution!

__metadata:
  version: 6
  cacheKey: 8

"@tamiyo/client@workspace:client":
  version: 0.0.0-use.local
  resolution: "@tamiyo/client@workspace:client"
  languageName: unknown
  linkType: soft

"@tamiyo/common@workspace:shared":
  version: 0.0.0-use.local
  resolution: "@tamiyo/common@workspace:shared"
  languageName: unknown
  linkType: soft

"@tamiyo/server@workspace:server":
  version: 0.0.0-use.local
  resolution: "@tamiyo/server@workspace:server"
  languageName: unknown
  linkType: soft

"tamiyo@workspace:.":
  version: 0.0.0-use.local
  resolution: "tamiyo@workspace:."
  dependencies:
    typescript: ^4.7.4
  languageName: unknown
  linkType: soft

"typescript@npm:^4.7.4":
  version: 4.7.4
  resolution: "typescript@npm:4.7.4"
  bin:
    tsc: bin/tsc
    tsserver: bin/tsserver
  checksum: 5750181b1cd7e6482c4195825547e70f944114fb47e58e4aa7553e62f11b3f3173766aef9c281783edfd881f7b8299cf35e3ca8caebe73d8464528c907a164df
  languageName: node
  linkType: hard

"typescript@patch:typescript@^4.7.4#~builtin<compat/typescript>":
  version: 4.7.4
  resolution: "typescript@patch:typescript@npm%3A4.7.4#~builtin<compat/typescript>::version=4.7.4&hash=bda367"
  bin:
    tsc: bin/tsc
    tsserver: bin/tsserver
  checksum: 96d3030cb01143570567cb4f3a616b10df65f658f0e74e853e77a089a6a954e35c800be7db8b9bfe9a1ae05d9c2897e281359f65e4caa1caf266368e1c4febd3
  languageName: node
  linkType: hard
